// !$*UTF8*$!
{
	archiveVersion = 1;
	classes = {
	};
	objectVersion = 46;
	objects = {

/* Begin PBXBuildFile section */
		26E8FF0A157CF2DF007089DB /* Cocoa.framework in Frameworks */ = {isa = PBXBuildFile; fileRef = 26E8FF09157CF2DF007089DB /* Cocoa.framework */; };
		26E8FF14157CF2DF007089DB /* InfoPlist.strings in Resources */ = {isa = PBXBuildFile; fileRef = 26E8FF12157CF2DF007089DB /* InfoPlist.strings */; };
		26E8FF16157CF2DF007089DB /* main.m in Sources */ = {isa = PBXBuildFile; fileRef = 26E8FF15157CF2DF007089DB /* main.m */; };
		26E8FF1A157CF2DF007089DB /* Credits.rtf in Resources */ = {isa = PBXBuildFile; fileRef = 26E8FF18157CF2DF007089DB /* Credits.rtf */; };
		26E8FF1D157CF2DF007089DB /* StackTimerDocument.m in Sources */ = {isa = PBXBuildFile; fileRef = 26E8FF1C157CF2DF007089DB /* StackTimerDocument.m */; };
		26E8FF20157CF2DF007089DB /* StackTimerDocument.xib in Resources */ = {isa = PBXBuildFile; fileRef = 26E8FF1E157CF2DF007089DB /* StackTimerDocument.xib */; };
		26E8FF26157CF2DF007089DB /* StackTimerDocument.xcdatamodeld in Sources */ = {isa = PBXBuildFile; fileRef = 26E8FF24157CF2DF007089DB /* StackTimerDocument.xcdatamodeld */; };
		26E8FF2E157CF2DF007089DB /* SenTestingKit.framework in Frameworks */ = {isa = PBXBuildFile; fileRef = 26E8FF2D157CF2DF007089DB /* SenTestingKit.framework */; };
		26E8FF2F157CF2DF007089DB /* Cocoa.framework in Frameworks */ = {isa = PBXBuildFile; fileRef = 26E8FF09157CF2DF007089DB /* Cocoa.framework */; };
		26E8FF37157CF2DF007089DB /* InfoPlist.strings in Resources */ = {isa = PBXBuildFile; fileRef = 26E8FF35157CF2DF007089DB /* InfoPlist.strings */; };
		26E8FF3A157CF2DF007089DB /* StackTimerTests.m in Sources */ = {isa = PBXBuildFile; fileRef = 26E8FF39157CF2DF007089DB /* StackTimerTests.m */; };
		26E90F41157FCB2C003DEE36 /* stackTimer.bmml in Resources */ = {isa = PBXBuildFile; fileRef = 26E90F40157FCB2C003DEE36 /* stackTimer.bmml */; };
		26E90F46157FCF30003DEE36 /* NSWindow+canBecomeKeyWindow.m in Sources */ = {isa = PBXBuildFile; fileRef = 26E90F45157FCF30003DEE36 /* NSWindow+canBecomeKeyWindow.m */; };
		26E90F4F157FDB59003DEE36 /* Work.m in Sources */ = {isa = PBXBuildFile; fileRef = 26E90F4E157FDB59003DEE36 /* Work.m */; };
/* End PBXBuildFile section */

/* Begin PBXContainerItemProxy section */
		26E8FF30157CF2DF007089DB /* PBXContainerItemProxy */ = {
			isa = PBXContainerItemProxy;
			containerPortal = 26E8FEFC157CF2DE007089DB /* Project object */;
			proxyType = 1;
			remoteGlobalIDString = 26E8FF04157CF2DF007089DB;
			remoteInfo = StackTimer;
		};
/* End PBXContainerItemProxy section */

/* Begin PBXFileReference section */
		26E8FF05157CF2DF007089DB /* StackTimer.app */ = {isa = PBXFileReference; explicitFileType = wrapper.application; includeInIndex = 0; path = StackTimer.app; sourceTree = BUILT_PRODUCTS_DIR; };
		26E8FF09157CF2DF007089DB /* Cocoa.framework */ = {isa = PBXFileReference; lastKnownFileType = wrapper.framework; name = Cocoa.framework; path = System/Library/Frameworks/Cocoa.framework; sourceTree = SDKROOT; };
		26E8FF0C157CF2DF007089DB /* AppKit.framework */ = {isa = PBXFileReference; lastKnownFileType = wrapper.framework; name = AppKit.framework; path = System/Library/Frameworks/AppKit.framework; sourceTree = SDKROOT; };
		26E8FF0D157CF2DF007089DB /* CoreData.framework */ = {isa = PBXFileReference; lastKnownFileType = wrapper.framework; name = CoreData.framework; path = System/Library/Frameworks/CoreData.framework; sourceTree = SDKROOT; };
		26E8FF0E157CF2DF007089DB /* Foundation.framework */ = {isa = PBXFileReference; lastKnownFileType = wrapper.framework; name = Foundation.framework; path = System/Library/Frameworks/Foundation.framework; sourceTree = SDKROOT; };
		26E8FF11157CF2DF007089DB /* StackTimer-Info.plist */ = {isa = PBXFileReference; lastKnownFileType = text.plist.xml; path = "StackTimer-Info.plist"; sourceTree = "<group>"; };
		26E8FF13157CF2DF007089DB /* en */ = {isa = PBXFileReference; lastKnownFileType = text.plist.strings; name = en; path = en.lproj/InfoPlist.strings; sourceTree = "<group>"; };
		26E8FF15157CF2DF007089DB /* main.m */ = {isa = PBXFileReference; lastKnownFileType = sourcecode.c.objc; path = main.m; sourceTree = "<group>"; };
		26E8FF17157CF2DF007089DB /* StackTimer-Prefix.pch */ = {isa = PBXFileReference; lastKnownFileType = sourcecode.c.h; path = "StackTimer-Prefix.pch"; sourceTree = "<group>"; };
		26E8FF19157CF2DF007089DB /* en */ = {isa = PBXFileReference; lastKnownFileType = text.rtf; name = en; path = en.lproj/Credits.rtf; sourceTree = "<group>"; };
		26E8FF1B157CF2DF007089DB /* StackTimerDocument.h */ = {isa = PBXFileReference; lastKnownFileType = sourcecode.c.h; path = StackTimerDocument.h; sourceTree = "<group>"; };
		26E8FF1C157CF2DF007089DB /* StackTimerDocument.m */ = {isa = PBXFileReference; lastKnownFileType = sourcecode.c.objc; path = StackTimerDocument.m; sourceTree = "<group>"; };
		26E8FF1F157CF2DF007089DB /* en */ = {isa = PBXFileReference; lastKnownFileType = file.xib; name = en; path = en.lproj/StackTimerDocument.xib; sourceTree = "<group>"; };
		26E8FF25157CF2DF007089DB /* StackTimerDocument.xcdatamodel */ = {isa = PBXFileReference; lastKnownFileType = wrapper.xcdatamodel; path = StackTimerDocument.xcdatamodel; sourceTree = "<group>"; };
		26E8FF2C157CF2DF007089DB /* StackTimerTests.octest */ = {isa = PBXFileReference; explicitFileType = wrapper.cfbundle; includeInIndex = 0; path = StackTimerTests.octest; sourceTree = BUILT_PRODUCTS_DIR; };
		26E8FF2D157CF2DF007089DB /* SenTestingKit.framework */ = {isa = PBXFileReference; lastKnownFileType = wrapper.framework; name = SenTestingKit.framework; path = Library/Frameworks/SenTestingKit.framework; sourceTree = DEVELOPER_DIR; };
		26E8FF34157CF2DF007089DB /* StackTimerTests-Info.plist */ = {isa = PBXFileReference; lastKnownFileType = text.plist.xml; path = "StackTimerTests-Info.plist"; sourceTree = "<group>"; };
		26E8FF36157CF2DF007089DB /* en */ = {isa = PBXFileReference; lastKnownFileType = text.plist.strings; name = en; path = en.lproj/InfoPlist.strings; sourceTree = "<group>"; };
		26E8FF38157CF2DF007089DB /* StackTimerTests.h */ = {isa = PBXFileReference; lastKnownFileType = sourcecode.c.h; path = StackTimerTests.h; sourceTree = "<group>"; };
		26E8FF39157CF2DF007089DB /* StackTimerTests.m */ = {isa = PBXFileReference; lastKnownFileType = sourcecode.c.objc; path = StackTimerTests.m; sourceTree = "<group>"; };
		26E90F40157FCB2C003DEE36 /* stackTimer.bmml */ = {isa = PBXFileReference; fileEncoding = 4; lastKnownFileType = text; path = stackTimer.bmml; sourceTree = "<group>"; };
		26E90F44157FCF30003DEE36 /* NSWindow+canBecomeKeyWindow.h */ = {isa = PBXFileReference; fileEncoding = 4; lastKnownFileType = sourcecode.c.h; name = "NSWindow+canBecomeKeyWindow.h"; path = "../NSWindow+canBecomeKeyWindow.h"; sourceTree = "<group>"; };
		26E90F45157FCF30003DEE36 /* NSWindow+canBecomeKeyWindow.m */ = {isa = PBXFileReference; fileEncoding = 4; lastKnownFileType = sourcecode.c.objc; name = "NSWindow+canBecomeKeyWindow.m"; path = "../NSWindow+canBecomeKeyWindow.m"; sourceTree = "<group>"; };
		26E90F4D157FDB59003DEE36 /* Work.h */ = {isa = PBXFileReference; fileEncoding = 4; lastKnownFileType = sourcecode.c.h; path = Work.h; sourceTree = "<group>"; };
		26E90F4E157FDB59003DEE36 /* Work.m */ = {isa = PBXFileReference; fileEncoding = 4; lastKnownFileType = sourcecode.c.objc; path = Work.m; sourceTree = "<group>"; };
/* End PBXFileReference section */

/* Begin PBXFrameworksBuildPhase section */
		26E8FF02157CF2DF007089DB /* Frameworks */ = {
			isa = PBXFrameworksBuildPhase;
			buildActionMask = 2147483647;
			files = (
				26E8FF0A157CF2DF007089DB /* Cocoa.framework in Frameworks */,
			);
			runOnlyForDeploymentPostprocessing = 0;
		};
		26E8FF28157CF2DF007089DB /* Frameworks */ = {
			isa = PBXFrameworksBuildPhase;
			buildActionMask = 2147483647;
			files = (
				26E8FF2E157CF2DF007089DB /* SenTestingKit.framework in Frameworks */,
				26E8FF2F157CF2DF007089DB /* Cocoa.framework in Frameworks */,
			);
			runOnlyForDeploymentPostprocessing = 0;
		};
/* End PBXFrameworksBuildPhase section */

/* Begin PBXGroup section */
		26E8FEFA157CF2DE007089DB = {
			isa = PBXGroup;
			children = (
				26E8FF0F157CF2DF007089DB /* StackTimer */,
				26E8FF32157CF2DF007089DB /* StackTimerTests */,
				26E8FF08157CF2DF007089DB /* Frameworks */,
				26E8FF06157CF2DF007089DB /* Products */,
			);
			sourceTree = "<group>";
		};
		26E8FF06157CF2DF007089DB /* Products */ = {
			isa = PBXGroup;
			children = (
				26E8FF05157CF2DF007089DB /* StackTimer.app */,
				26E8FF2C157CF2DF007089DB /* StackTimerTests.octest */,
			);
			name = Products;
			sourceTree = "<group>";
		};
		26E8FF08157CF2DF007089DB /* Frameworks */ = {
			isa = PBXGroup;
			children = (
				26E8FF09157CF2DF007089DB /* Cocoa.framework */,
				26E8FF2D157CF2DF007089DB /* SenTestingKit.framework */,
				26E8FF0B157CF2DF007089DB /* Other Frameworks */,
			);
			name = Frameworks;
			sourceTree = "<group>";
		};
		26E8FF0B157CF2DF007089DB /* Other Frameworks */ = {
			isa = PBXGroup;
			children = (
				26E8FF0C157CF2DF007089DB /* AppKit.framework */,
				26E8FF0D157CF2DF007089DB /* CoreData.framework */,
				26E8FF0E157CF2DF007089DB /* Foundation.framework */,
			);
			name = "Other Frameworks";
			sourceTree = "<group>";
		};
		26E8FF0F157CF2DF007089DB /* StackTimer */ = {
			isa = PBXGroup;
			children = (
				26E90F44157FCF30003DEE36 /* NSWindow+canBecomeKeyWindow.h */,
				26E90F45157FCF30003DEE36 /* NSWindow+canBecomeKeyWindow.m */,
				26E8FF1B157CF2DF007089DB /* StackTimerDocument.h */,
				26E8FF1C157CF2DF007089DB /* StackTimerDocument.m */,
				26E8FF1E157CF2DF007089DB /* StackTimerDocument.xib */,
				26E8FF24157CF2DF007089DB /* StackTimerDocument.xcdatamodeld */,
				26E90F4D157FDB59003DEE36 /* Work.h */,
				26E90F4E157FDB59003DEE36 /* Work.m */,
				26E8FF10157CF2DF007089DB /* Supporting Files */,
			);
			path = StackTimer;
			sourceTree = "<group>";
		};
		26E8FF10157CF2DF007089DB /* Supporting Files */ = {
			isa = PBXGroup;
			children = (
				26E90F40157FCB2C003DEE36 /* stackTimer.bmml */,
				26E8FF11157CF2DF007089DB /* StackTimer-Info.plist */,
				26E8FF12157CF2DF007089DB /* InfoPlist.strings */,
				26E8FF15157CF2DF007089DB /* main.m */,
				26E8FF17157CF2DF007089DB /* StackTimer-Prefix.pch */,
				26E8FF18157CF2DF007089DB /* Credits.rtf */,
			);
			name = "Supporting Files";
			sourceTree = "<group>";
		};
		26E8FF32157CF2DF007089DB /* StackTimerTests */ = {
			isa = PBXGroup;
			children = (
				26E8FF38157CF2DF007089DB /* StackTimerTests.h */,
				26E8FF39157CF2DF007089DB /* StackTimerTests.m */,
				26E8FF33157CF2DF007089DB /* Supporting Files */,
			);
			path = StackTimerTests;
			sourceTree = "<group>";
		};
		26E8FF33157CF2DF007089DB /* Supporting Files */ = {
			isa = PBXGroup;
			children = (
				26E8FF34157CF2DF007089DB /* StackTimerTests-Info.plist */,
				26E8FF35157CF2DF007089DB /* InfoPlist.strings */,
			);
			name = "Supporting Files";
			sourceTree = "<group>";
		};
/* End PBXGroup section */

/* Begin PBXNativeTarget section */
		26E8FF04157CF2DF007089DB /* StackTimer */ = {
			isa = PBXNativeTarget;
			buildConfigurationList = 26E8FF3D157CF2DF007089DB /* Build configuration list for PBXNativeTarget "StackTimer" */;
			buildPhases = (
				26E8FF01157CF2DF007089DB /* Sources */,
				26E8FF02157CF2DF007089DB /* Frameworks */,
				26E8FF03157CF2DF007089DB /* Resources */,
			);
			buildRules = (
			);
			dependencies = (
			);
			name = StackTimer;
			productName = StackTimer;
			productReference = 26E8FF05157CF2DF007089DB /* StackTimer.app */;
			productType = "com.apple.product-type.application";
		};
		26E8FF2B157CF2DF007089DB /* StackTimerTests */ = {
			isa = PBXNativeTarget;
			buildConfigurationList = 26E8FF40157CF2DF007089DB /* Build configuration list for PBXNativeTarget "StackTimerTests" */;
			buildPhases = (
				26E8FF27157CF2DF007089DB /* Sources */,
				26E8FF28157CF2DF007089DB /* Frameworks */,
				26E8FF29157CF2DF007089DB /* Resources */,
				26E8FF2A157CF2DF007089DB /* ShellScript */,
			);
			buildRules = (
			);
			dependencies = (
				26E8FF31157CF2DF007089DB /* PBXTargetDependency */,
			);
			name = StackTimerTests;
			productName = StackTimerTests;
			productReference = 26E8FF2C157CF2DF007089DB /* StackTimerTests.octest */;
			productType = "com.apple.product-type.bundle";
		};
/* End PBXNativeTarget section */

/* Begin PBXProject section */
		26E8FEFC157CF2DE007089DB /* Project object */ = {
			isa = PBXProject;
			attributes = {
				CLASSPREFIX = StackTimer;
				LastUpgradeCheck = 0430;
			};
			buildConfigurationList = 26E8FEFF157CF2DE007089DB /* Build configuration list for PBXProject "StackTimer" */;
			compatibilityVersion = "Xcode 3.2";
			developmentRegion = English;
			hasScannedForEncodings = 0;
			knownRegions = (
				en,
			);
			mainGroup = 26E8FEFA157CF2DE007089DB;
			productRefGroup = 26E8FF06157CF2DF007089DB /* Products */;
			projectDirPath = "";
			projectRoot = "";
			targets = (
				26E8FF04157CF2DF007089DB /* StackTimer */,
				26E8FF2B157CF2DF007089DB /* StackTimerTests */,
			);
		};
/* End PBXProject section */

/* Begin PBXResourcesBuildPhase section */
		26E8FF03157CF2DF007089DB /* Resources */ = {
			isa = PBXResourcesBuildPhase;
			buildActionMask = 2147483647;
			files = (
				26E8FF14157CF2DF007089DB /* InfoPlist.strings in Resources */,
				26E8FF1A157CF2DF007089DB /* Credits.rtf in Resources */,
				26E8FF20157CF2DF007089DB /* StackTimerDocument.xib in Resources */,
				26E90F41157FCB2C003DEE36 /* stackTimer.bmml in Resources */,
			);
			runOnlyForDeploymentPostprocessing = 0;
		};
		26E8FF29157CF2DF007089DB /* Resources */ = {
			isa = PBXResourcesBuildPhase;
			buildActionMask = 2147483647;
			files = (
				26E8FF37157CF2DF007089DB /* InfoPlist.strings in Resources */,
			);
			runOnlyForDeploymentPostprocessing = 0;
		};
/* End PBXResourcesBuildPhase section */

/* Begin PBXShellScriptBuildPhase section */
		26E8FF2A157CF2DF007089DB /* ShellScript */ = {
			isa = PBXShellScriptBuildPhase;
			buildActionMask = 2147483647;
			files = (
			);
			inputPaths = (
			);
			outputPaths = (
			);
			runOnlyForDeploymentPostprocessing = 0;
			shellPath = /bin/sh;
			shellScript = "# Run the unit tests in this test bundle.\n\"${SYSTEM_DEVELOPER_DIR}/Tools/RunUnitTests\"\n";
		};
/* End PBXShellScriptBuildPhase section */

/* Begin PBXSourcesBuildPhase section */
		26E8FF01157CF2DF007089DB /* Sources */ = {
			isa = PBXSourcesBuildPhase;
			buildActionMask = 2147483647;
			files = (
				26E8FF16157CF2DF007089DB /* main.m in Sources */,
				26E8FF1D157CF2DF007089DB /* StackTimerDocument.m in Sources */,
				26E8FF26157CF2DF007089DB /* StackTimerDocument.xcdatamodeld in Sources */,
				26E90F46157FCF30003DEE36 /* NSWindow+canBecomeKeyWindow.m in Sources */,
				26E90F4F157FDB59003DEE36 /* Work.m in Sources */,
			);
			runOnlyForDeploymentPostprocessing = 0;
		};
		26E8FF27157CF2DF007089DB /* Sources */ = {
			isa = PBXSourcesBuildPhase;
			buildActionMask = 2147483647;
			files = (
				26E8FF3A157CF2DF007089DB /* StackTimerTests.m in Sources */,
			);
			runOnlyForDeploymentPostprocessing = 0;
		};
/* End PBXSourcesBuildPhase section */

/* Begin PBXTargetDependency section */
		26E8FF31157CF2DF007089DB /* PBXTargetDependency */ = {
			isa = PBXTargetDependency;
			target = 26E8FF04157CF2DF007089DB /* StackTimer */;
			targetProxy = 26E8FF30157CF2DF007089DB /* PBXContainerItemProxy */;
		};
/* End PBXTargetDependency section */

/* Begin PBXVariantGroup section */
		26E8FF12157CF2DF007089DB /* InfoPlist.strings */ = {
			isa = PBXVariantGroup;
			children = (
				26E8FF13157CF2DF007089DB /* en */,
			);
			name = InfoPlist.strings;
			sourceTree = "<group>";
		};
		26E8FF18157CF2DF007089DB /* Credits.rtf */ = {
			isa = PBXVariantGroup;
			children = (
				26E8FF19157CF2DF007089DB /* en */,
			);
			name = Credits.rtf;
			sourceTree = "<group>";
		};
		26E8FF1E157CF2DF007089DB /* StackTimerDocument.xib */ = {
			isa = PBXVariantGroup;
			children = (
				26E8FF1F157CF2DF007089DB /* en */,
			);
			name = StackTimerDocument.xib;
			sourceTree = "<group>";
		};
		26E8FF35157CF2DF007089DB /* InfoPlist.strings */ = {
			isa = PBXVariantGroup;
			children = (
				26E8FF36157CF2DF007089DB /* en */,
			);
			name = InfoPlist.strings;
			sourceTree = "<group>";
		};
/* End PBXVariantGroup section */

/* Begin XCBuildConfiguration section */
		26E8FF3B157CF2DF007089DB /* Debug */ = {
			isa = XCBuildConfiguration;
			buildSettings = {
				ALWAYS_SEARCH_USER_PATHS = NO;
				ARCHS = "$(ARCHS_STANDARD_64_BIT)";
				CLANG_ENABLE_OBJC_ARC = YES;
				COPY_PHASE_STRIP = NO;
				GCC_C_LANGUAGE_STANDARD = gnu99;
				GCC_DYNAMIC_NO_PIC = NO;
				GCC_ENABLE_OBJC_EXCEPTIONS = YES;
				GCC_OPTIMIZATION_LEVEL = 0;
				GCC_PREPROCESSOR_DEFINITIONS = (
					"DEBUG=1",
					"$(inherited)",
				);
				GCC_SYMBOLS_PRIVATE_EXTERN = NO;
				GCC_VERSION = com.apple.compilers.llvm.clang.1_0;
				GCC_WARN_64_TO_32_BIT_CONVERSION = YES;
				GCC_WARN_ABOUT_RETURN_TYPE = YES;
				GCC_WARN_UNINITIALIZED_AUTOS = YES;
				GCC_WARN_UNUSED_VARIABLE = YES;
				MACOSX_DEPLOYMENT_TARGET = 10.7;
				ONLY_ACTIVE_ARCH = YES;
				SDKROOT = macosx;
			};
			name = Debug;
		};
		26E8FF3C157CF2DF007089DB /* Release */ = {
			isa = XCBuildConfiguration;
			buildSettings = {
				ALWAYS_SEARCH_USER_PATHS = NO;
				ARCHS = "$(ARCHS_STANDARD_64_BIT)";
				CLANG_ENABLE_OBJC_ARC = YES;
				COPY_PHASE_STRIP = YES;
				DEBUG_INFORMATION_FORMAT = "dwarf-with-dsym";
				GCC_C_LANGUAGE_STANDARD = gnu99;
				GCC_ENABLE_OBJC_EXCEPTIONS = YES;
				GCC_VERSION = com.apple.compilers.llvm.clang.1_0;
				GCC_WARN_64_TO_32_BIT_CONVERSION = YES;
				GCC_WARN_ABOUT_RETURN_TYPE = YES;
				GCC_WARN_UNINITIALIZED_AUTOS = YES;
				GCC_WARN_UNUSED_VARIABLE = YES;
				MACOSX_DEPLOYMENT_TARGET = 10.7;
				SDKROOT = macosx;
			};
			name = Release;
		};
		26E8FF3E157CF2DF007089DB /* Debug */ = {
			isa = XCBuildConfiguration;
			buildSettings = {
				GCC_PRECOMPILE_PREFIX_HEADER = YES;
				GCC_PREFIX_HEADER = "StackTimer/StackTimer-Prefix.pch";
				INFOPLIST_FILE = "StackTimer/StackTimer-Info.plist";
				PRODUCT_NAME = "$(TARGET_NAME)";
				WRAPPER_EXTENSION = app;
			};
			name = Debug;
		};
		26E8FF3F157CF2DF007089DB /* Release */ = {
			isa = XCBuildConfiguration;
			buildSettings = {
				GCC_PRECOMPILE_PREFIX_HEADER = YES;
				GCC_PREFIX_HEADER = "StackTimer/StackTimer-Prefix.pch";
				INFOPLIST_FILE = "StackTimer/StackTimer-Info.plist";
				PRODUCT_NAME = "$(TARGET_NAME)";
				WRAPPER_EXTENSION = app;
			};
			name = Release;
		};
		26E8FF41157CF2DF007089DB /* Debug */ = {
			isa = XCBuildConfiguration;
			buildSettings = {
				BUNDLE_LOADER = "$(BUILT_PRODUCTS_DIR)/StackTimer.app/Contents/MacOS/StackTimer";
				FRAMEWORK_SEARCH_PATHS = "$(DEVELOPER_LIBRARY_DIR)/Frameworks";
				GCC_PRECOMPILE_PREFIX_HEADER = YES;
				GCC_PREFIX_HEADER = "StackTimer/StackTimer-Prefix.pch";
				INFOPLIST_FILE = "StackTimerTests/StackTimerTests-Info.plist";
				PRODUCT_NAME = "$(TARGET_NAME)";
				TEST_HOST = "$(BUNDLE_LOADER)";
				WRAPPER_EXTENSION = octest;
			};
			name = Debug;
		};
		26E8FF42157CF2DF007089DB /* Release */ = {
			isa = XCBuildConfiguration;
			buildSettings = {
				BUNDLE_LOADER = "$(BUILT_PRODUCTS_DIR)/StackTimer.app/Contents/MacOS/StackTimer";
				FRAMEWORK_SEARCH_PATHS = "$(DEVELOPER_LIBRARY_DIR)/Frameworks";
				GCC_PRECOMPILE_PREFIX_HEADER = YES;
				GCC_PREFIX_HEADER = "StackTimer/StackTimer-Prefix.pch";
				INFOPLIST_FILE = "StackTimerTests/StackTimerTests-Info.plist";
				PRODUCT_NAME = "$(TARGET_NAME)";
				TEST_HOST = "$(BUNDLE_LOADER)";
				WRAPPER_EXTENSION = octest;
			};
			name = Release;
		};
/* End XCBuildConfiguration section */

/* Begin XCConfigurationList section */
		26E8FEFF157CF2DE007089DB /* Build configuration list for PBXProject "StackTimer" */ = {
			isa = XCConfigurationList;
			buildConfigurations = (
				26E8FF3B157CF2DF007089DB /* Debug */,
				26E8FF3C157CF2DF007089DB /* Release */,
			);
			defaultConfigurationIsVisible = 0;
			defaultConfigurationName = Release;
		};
		26E8FF3D157CF2DF007089DB /* Build configuration list for PBXNativeTarget "StackTimer" */ = {
			isa = XCConfigurationList;
			buildConfigurations = (
				26E8FF3E157CF2DF007089DB /* Debug */,
				26E8FF3F157CF2DF007089DB /* Release */,
			);
			defaultConfigurationIsVisible = 0;
			defaultConfigurationName = Release;
		};
		26E8FF40157CF2DF007089DB /* Build configuration list for PBXNativeTarget "StackTimerTests" */ = {
			isa = XCConfigurationList;
			buildConfigurations = (
				26E8FF41157CF2DF007089DB /* Debug */,
				26E8FF42157CF2DF007089DB /* Release */,
			);
			defaultConfigurationIsVisible = 0;
			defaultConfigurationName = Release;
		};
/* End XCConfigurationList section */

/* Begin XCVersionGroup section */
		26E8FF24157CF2DF007089DB /* StackTimerDocument.xcdatamodeld */ = {
			isa = XCVersionGroup;
			children = (
				26E8FF25157CF2DF007089DB /* StackTimerDocument.xcdatamodel */,
			);
			currentVersion = 26E8FF25157CF2DF007089DB /* StackTimerDocument.xcdatamodel */;
			path = StackTimerDocument.xcdatamodeld;
			sourceTree = "<group>";
			versionGroupType = wrapper.xcdatamodel;
		};
/* End XCVersionGroup section */
	};
	rootObject = 26E8FEFC157CF2DE007089DB /* Project object */;
}
