// !$*UTF8*$!
{
	archiveVersion = 1;
	classes = {
	};
	objectVersion = 46;
	objects = {

/* Begin PBXBuildFile section */
		262F71A21582B43200F6F99C /* Cocoa.framework in Frameworks */ = {isa = PBXBuildFile; fileRef = 262F71A11582B43200F6F99C /* Cocoa.framework */; };
		262F71AC1582B43200F6F99C /* InfoPlist.strings in Resources */ = {isa = PBXBuildFile; fileRef = 262F71AA1582B43200F6F99C /* InfoPlist.strings */; };
		262F71AE1582B43200F6F99C /* main.m in Sources */ = {isa = PBXBuildFile; fileRef = 262F71AD1582B43200F6F99C /* main.m */; };
		262F71B21582B43200F6F99C /* Credits.rtf in Resources */ = {isa = PBXBuildFile; fileRef = 262F71B01582B43200F6F99C /* Credits.rtf */; };
		262F71B51582B43200F6F99C /* StackTimerDocument.m in Sources */ = {isa = PBXBuildFile; fileRef = 262F71B41582B43200F6F99C /* StackTimerDocument.m */; };
		262F71B81582B43200F6F99C /* StackTimerDocument.xib in Resources */ = {isa = PBXBuildFile; fileRef = 262F71B61582B43200F6F99C /* StackTimerDocument.xib */; };
		262F71BB1582B43200F6F99C /* MainMenu.xib in Resources */ = {isa = PBXBuildFile; fileRef = 262F71B91582B43200F6F99C /* MainMenu.xib */; };
		262F71BE1582B43200F6F99C /* StackTimerDocument.xcdatamodeld in Sources */ = {isa = PBXBuildFile; fileRef = 262F71BC1582B43200F6F99C /* StackTimerDocument.xcdatamodeld */; };
		262F71C61582B43200F6F99C /* SenTestingKit.framework in Frameworks */ = {isa = PBXBuildFile; fileRef = 262F71C51582B43200F6F99C /* SenTestingKit.framework */; };
		262F71C71582B43200F6F99C /* Cocoa.framework in Frameworks */ = {isa = PBXBuildFile; fileRef = 262F71A11582B43200F6F99C /* Cocoa.framework */; };
		262F71CF1582B43200F6F99C /* InfoPlist.strings in Resources */ = {isa = PBXBuildFile; fileRef = 262F71CD1582B43200F6F99C /* InfoPlist.strings */; };
		262F71D21582B43300F6F99C /* StackTimerTests.m in Sources */ = {isa = PBXBuildFile; fileRef = 262F71D11582B43300F6F99C /* StackTimerTests.m */; };
		262F71DD1582B50F00F6F99C /* Task.m in Sources */ = {isa = PBXBuildFile; fileRef = 262F71DC1582B50F00F6F99C /* Task.m */; };
		262F71E01582B62500F6F99C /* NSWindow+canBecomeKeyWindow.m in Sources */ = {isa = PBXBuildFile; fileRef = 262F71DF1582B62500F6F99C /* NSWindow+canBecomeKeyWindow.m */; };
/* End PBXBuildFile section */

/* Begin PBXContainerItemProxy section */
		262F71C81582B43200F6F99C /* PBXContainerItemProxy */ = {
			isa = PBXContainerItemProxy;
			containerPortal = 262F71941582B43200F6F99C /* Project object */;
			proxyType = 1;
			remoteGlobalIDString = 262F719C1582B43200F6F99C;
			remoteInfo = StackTimer;
		};
/* End PBXContainerItemProxy section */

/* Begin PBXFileReference section */
		262F719D1582B43200F6F99C /* StackTimer.app */ = {isa = PBXFileReference; explicitFileType = wrapper.application; includeInIndex = 0; path = StackTimer.app; sourceTree = BUILT_PRODUCTS_DIR; };
		262F71A11582B43200F6F99C /* Cocoa.framework */ = {isa = PBXFileReference; lastKnownFileType = wrapper.framework; name = Cocoa.framework; path = System/Library/Frameworks/Cocoa.framework; sourceTree = SDKROOT; };
		262F71A41582B43200F6F99C /* AppKit.framework */ = {isa = PBXFileReference; lastKnownFileType = wrapper.framework; name = AppKit.framework; path = System/Library/Frameworks/AppKit.framework; sourceTree = SDKROOT; };
		262F71A51582B43200F6F99C /* CoreData.framework */ = {isa = PBXFileReference; lastKnownFileType = wrapper.framework; name = CoreData.framework; path = System/Library/Frameworks/CoreData.framework; sourceTree = SDKROOT; };
		262F71A61582B43200F6F99C /* Foundation.framework */ = {isa = PBXFileReference; lastKnownFileType = wrapper.framework; name = Foundation.framework; path = System/Library/Frameworks/Foundation.framework; sourceTree = SDKROOT; };
		262F71A91582B43200F6F99C /* StackTimer-Info.plist */ = {isa = PBXFileReference; lastKnownFileType = text.plist.xml; path = "StackTimer-Info.plist"; sourceTree = "<group>"; };
		262F71AB1582B43200F6F99C /* en */ = {isa = PBXFileReference; lastKnownFileType = text.plist.strings; name = en; path = en.lproj/InfoPlist.strings; sourceTree = "<group>"; };
		262F71AD1582B43200F6F99C /* main.m */ = {isa = PBXFileReference; lastKnownFileType = sourcecode.c.objc; path = main.m; sourceTree = "<group>"; };
		262F71AF1582B43200F6F99C /* StackTimer-Prefix.pch */ = {isa = PBXFileReference; lastKnownFileType = sourcecode.c.h; path = "StackTimer-Prefix.pch"; sourceTree = "<group>"; };
		262F71B11582B43200F6F99C /* en */ = {isa = PBXFileReference; lastKnownFileType = text.rtf; name = en; path = en.lproj/Credits.rtf; sourceTree = "<group>"; };
		262F71B31582B43200F6F99C /* StackTimerDocument.h */ = {isa = PBXFileReference; lastKnownFileType = sourcecode.c.h; path = StackTimerDocument.h; sourceTree = "<group>"; };
		262F71B41582B43200F6F99C /* StackTimerDocument.m */ = {isa = PBXFileReference; lastKnownFileType = sourcecode.c.objc; path = StackTimerDocument.m; sourceTree = "<group>"; };
		262F71B71582B43200F6F99C /* en */ = {isa = PBXFileReference; lastKnownFileType = file.xib; name = en; path = en.lproj/StackTimerDocument.xib; sourceTree = "<group>"; };
		262F71BA1582B43200F6F99C /* en */ = {isa = PBXFileReference; lastKnownFileType = file.xib; name = en; path = en.lproj/MainMenu.xib; sourceTree = "<group>"; };
		262F71BD1582B43200F6F99C /* StackTimerDocument.xcdatamodel */ = {isa = PBXFileReference; lastKnownFileType = wrapper.xcdatamodel; path = StackTimerDocument.xcdatamodel; sourceTree = "<group>"; };
		262F71C41582B43200F6F99C /* StackTimerTests.octest */ = {isa = PBXFileReference; explicitFileType = wrapper.cfbundle; includeInIndex = 0; path = StackTimerTests.octest; sourceTree = BUILT_PRODUCTS_DIR; };
		262F71C51582B43200F6F99C /* SenTestingKit.framework */ = {isa = PBXFileReference; lastKnownFileType = wrapper.framework; name = SenTestingKit.framework; path = Library/Frameworks/SenTestingKit.framework; sourceTree = DEVELOPER_DIR; };
		262F71CC1582B43200F6F99C /* StackTimerTests-Info.plist */ = {isa = PBXFileReference; lastKnownFileType = text.plist.xml; path = "StackTimerTests-Info.plist"; sourceTree = "<group>"; };
		262F71CE1582B43200F6F99C /* en */ = {isa = PBXFileReference; lastKnownFileType = text.plist.strings; name = en; path = en.lproj/InfoPlist.strings; sourceTree = "<group>"; };
		262F71D01582B43200F6F99C /* StackTimerTests.h */ = {isa = PBXFileReference; lastKnownFileType = sourcecode.c.h; path = StackTimerTests.h; sourceTree = "<group>"; };
		262F71D11582B43300F6F99C /* StackTimerTests.m */ = {isa = PBXFileReference; lastKnownFileType = sourcecode.c.objc; path = StackTimerTests.m; sourceTree = "<group>"; };
		262F71DB1582B50F00F6F99C /* Task.h */ = {isa = PBXFileReference; fileEncoding = 4; lastKnownFileType = sourcecode.c.h; path = Task.h; sourceTree = "<group>"; };
		262F71DC1582B50F00F6F99C /* Task.m */ = {isa = PBXFileReference; fileEncoding = 4; lastKnownFileType = sourcecode.c.objc; path = Task.m; sourceTree = "<group>"; };
		262F71DE1582B62500F6F99C /* NSWindow+canBecomeKeyWindow.h */ = {isa = PBXFileReference; fileEncoding = 4; lastKnownFileType = sourcecode.c.h; path = "NSWindow+canBecomeKeyWindow.h"; sourceTree = "<group>"; };
		262F71DF1582B62500F6F99C /* NSWindow+canBecomeKeyWindow.m */ = {isa = PBXFileReference; fileEncoding = 4; lastKnownFileType = sourcecode.c.objc; path = "NSWindow+canBecomeKeyWindow.m"; sourceTree = "<group>"; };
/* End PBXFileReference section */

/* Begin PBXFrameworksBuildPhase section */
		262F719A1582B43200F6F99C /* Frameworks */ = {
			isa = PBXFrameworksBuildPhase;
			buildActionMask = 2147483647;
			files = (
				262F71A21582B43200F6F99C /* Cocoa.framework in Frameworks */,
			);
			runOnlyForDeploymentPostprocessing = 0;
		};
		262F71C01582B43200F6F99C /* Frameworks */ = {
			isa = PBXFrameworksBuildPhase;
			buildActionMask = 2147483647;
			files = (
				262F71C61582B43200F6F99C /* SenTestingKit.framework in Frameworks */,
				262F71C71582B43200F6F99C /* Cocoa.framework in Frameworks */,
			);
			runOnlyForDeploymentPostprocessing = 0;
		};
/* End PBXFrameworksBuildPhase section */

/* Begin PBXGroup section */
		262F71921582B43200F6F99C = {
			isa = PBXGroup;
			children = (
				262F71A71582B43200F6F99C /* StackTimer */,
				262F71CA1582B43200F6F99C /* StackTimerTests */,
				262F71A01582B43200F6F99C /* Frameworks */,
				262F719E1582B43200F6F99C /* Products */,
			);
			sourceTree = "<group>";
		};
		262F719E1582B43200F6F99C /* Products */ = {
			isa = PBXGroup;
			children = (
				262F719D1582B43200F6F99C /* StackTimer.app */,
				262F71C41582B43200F6F99C /* StackTimerTests.octest */,
			);
			name = Products;
			sourceTree = "<group>";
		};
		262F71A01582B43200F6F99C /* Frameworks */ = {
			isa = PBXGroup;
			children = (
				262F71A11582B43200F6F99C /* Cocoa.framework */,
				262F71C51582B43200F6F99C /* SenTestingKit.framework */,
				262F71A31582B43200F6F99C /* Other Frameworks */,
			);
			name = Frameworks;
			sourceTree = "<group>";
		};
		262F71A31582B43200F6F99C /* Other Frameworks */ = {
			isa = PBXGroup;
			children = (
				262F71A41582B43200F6F99C /* AppKit.framework */,
				262F71A51582B43200F6F99C /* CoreData.framework */,
				262F71A61582B43200F6F99C /* Foundation.framework */,
			);
			name = "Other Frameworks";
			sourceTree = "<group>";
		};
		262F71A71582B43200F6F99C /* StackTimer */ = {
			isa = PBXGroup;
			children = (
				262F71DE1582B62500F6F99C /* NSWindow+canBecomeKeyWindow.h */,
				262F71DF1582B62500F6F99C /* NSWindow+canBecomeKeyWindow.m */,
				262F71B31582B43200F6F99C /* StackTimerDocument.h */,
				262F71B41582B43200F6F99C /* StackTimerDocument.m */,
				262F71B61582B43200F6F99C /* StackTimerDocument.xib */,
				262F71B91582B43200F6F99C /* MainMenu.xib */,
				262F71BC1582B43200F6F99C /* StackTimerDocument.xcdatamodeld */,
				262F71DB1582B50F00F6F99C /* Task.h */,
				262F71DC1582B50F00F6F99C /* Task.m */,
				262F71A81582B43200F6F99C /* Supporting Files */,
			);
			path = StackTimer;
			sourceTree = "<group>";
		};
		262F71A81582B43200F6F99C /* Supporting Files */ = {
			isa = PBXGroup;
			children = (
				262F71A91582B43200F6F99C /* StackTimer-Info.plist */,
				262F71AA1582B43200F6F99C /* InfoPlist.strings */,
				262F71AD1582B43200F6F99C /* main.m */,
				262F71AF1582B43200F6F99C /* StackTimer-Prefix.pch */,
				262F71B01582B43200F6F99C /* Credits.rtf */,
			);
			name = "Supporting Files";
			sourceTree = "<group>";
		};
		262F71CA1582B43200F6F99C /* StackTimerTests */ = {
			isa = PBXGroup;
			children = (
				262F71D01582B43200F6F99C /* StackTimerTests.h */,
				262F71D11582B43300F6F99C /* StackTimerTests.m */,
				262F71CB1582B43200F6F99C /* Supporting Files */,
			);
			path = StackTimerTests;
			sourceTree = "<group>";
		};
		262F71CB1582B43200F6F99C /* Supporting Files */ = {
			isa = PBXGroup;
			children = (
				262F71CC1582B43200F6F99C /* StackTimerTests-Info.plist */,
				262F71CD1582B43200F6F99C /* InfoPlist.strings */,
			);
			name = "Supporting Files";
			sourceTree = "<group>";
		};
/* End PBXGroup section */

/* Begin PBXNativeTarget section */
		262F719C1582B43200F6F99C /* StackTimer */ = {
			isa = PBXNativeTarget;
			buildConfigurationList = 262F71D51582B43300F6F99C /* Build configuration list for PBXNativeTarget "StackTimer" */;
			buildPhases = (
				262F71991582B43200F6F99C /* Sources */,
				262F719A1582B43200F6F99C /* Frameworks */,
				262F719B1582B43200F6F99C /* Resources */,
			);
			buildRules = (
			);
			dependencies = (
			);
			name = StackTimer;
			productName = StackTimer;
			productReference = 262F719D1582B43200F6F99C /* StackTimer.app */;
			productType = "com.apple.product-type.application";
		};
		262F71C31582B43200F6F99C /* StackTimerTests */ = {
			isa = PBXNativeTarget;
			buildConfigurationList = 262F71D81582B43300F6F99C /* Build configuration list for PBXNativeTarget "StackTimerTests" */;
			buildPhases = (
				262F71BF1582B43200F6F99C /* Sources */,
				262F71C01582B43200F6F99C /* Frameworks */,
				262F71C11582B43200F6F99C /* Resources */,
				262F71C21582B43200F6F99C /* ShellScript */,
			);
			buildRules = (
			);
			dependencies = (
				262F71C91582B43200F6F99C /* PBXTargetDependency */,
			);
			name = StackTimerTests;
			productName = StackTimerTests;
			productReference = 262F71C41582B43200F6F99C /* StackTimerTests.octest */;
			productType = "com.apple.product-type.bundle";
		};
/* End PBXNativeTarget section */

/* Begin PBXProject section */
		262F71941582B43200F6F99C /* Project object */ = {
			isa = PBXProject;
			attributes = {
				CLASSPREFIX = StackTimer;
				LastUpgradeCheck = 0430;
			};
			buildConfigurationList = 262F71971582B43200F6F99C /* Build configuration list for PBXProject "StackTimer" */;
			compatibilityVersion = "Xcode 3.2";
			developmentRegion = English;
			hasScannedForEncodings = 0;
			knownRegions = (
				en,
			);
			mainGroup = 262F71921582B43200F6F99C;
			productRefGroup = 262F719E1582B43200F6F99C /* Products */;
			projectDirPath = "";
			projectRoot = "";
			targets = (
				262F719C1582B43200F6F99C /* StackTimer */,
				262F71C31582B43200F6F99C /* StackTimerTests */,
			);
		};
/* End PBXProject section */

/* Begin PBXResourcesBuildPhase section */
		262F719B1582B43200F6F99C /* Resources */ = {
			isa = PBXResourcesBuildPhase;
			buildActionMask = 2147483647;
			files = (
				262F71AC1582B43200F6F99C /* InfoPlist.strings in Resources */,
				262F71B21582B43200F6F99C /* Credits.rtf in Resources */,
				262F71B81582B43200F6F99C /* StackTimerDocument.xib in Resources */,
				262F71BB1582B43200F6F99C /* MainMenu.xib in Resources */,
			);
			runOnlyForDeploymentPostprocessing = 0;
		};
		262F71C11582B43200F6F99C /* Resources */ = {
			isa = PBXResourcesBuildPhase;
			buildActionMask = 2147483647;
			files = (
				262F71CF1582B43200F6F99C /* InfoPlist.strings in Resources */,
			);
			runOnlyForDeploymentPostprocessing = 0;
		};
/* End PBXResourcesBuildPhase section */

/* Begin PBXShellScriptBuildPhase section */
		262F71C21582B43200F6F99C /* ShellScript */ = {
			isa = PBXShellScriptBuildPhase;
			buildActionMask = 2147483647;
			files = (
			);
			inputPaths = (
			);
			outputPaths = (
			);
			runOnlyForDeploymentPostprocessing = 0;
			shellPath = /bin/sh;
			shellScript = "# Run the unit tests in this test bundle.\n\"${SYSTEM_DEVELOPER_DIR}/Tools/RunUnitTests\"\n";
		};
/* End PBXShellScriptBuildPhase section */

/* Begin PBXSourcesBuildPhase section */
		262F71991582B43200F6F99C /* Sources */ = {
			isa = PBXSourcesBuildPhase;
			buildActionMask = 2147483647;
			files = (
				262F71AE1582B43200F6F99C /* main.m in Sources */,
				262F71B51582B43200F6F99C /* StackTimerDocument.m in Sources */,
				262F71BE1582B43200F6F99C /* StackTimerDocument.xcdatamodeld in Sources */,
				262F71DD1582B50F00F6F99C /* Task.m in Sources */,
				262F71E01582B62500F6F99C /* NSWindow+canBecomeKeyWindow.m in Sources */,
			);
			runOnlyForDeploymentPostprocessing = 0;
		};
		262F71BF1582B43200F6F99C /* Sources */ = {
			isa = PBXSourcesBuildPhase;
			buildActionMask = 2147483647;
			files = (
				262F71D21582B43300F6F99C /* StackTimerTests.m in Sources */,
			);
			runOnlyForDeploymentPostprocessing = 0;
		};
/* End PBXSourcesBuildPhase section */

/* Begin PBXTargetDependency section */
		262F71C91582B43200F6F99C /* PBXTargetDependency */ = {
			isa = PBXTargetDependency;
			target = 262F719C1582B43200F6F99C /* StackTimer */;
			targetProxy = 262F71C81582B43200F6F99C /* PBXContainerItemProxy */;
		};
/* End PBXTargetDependency section */

/* Begin PBXVariantGroup section */
		262F71AA1582B43200F6F99C /* InfoPlist.strings */ = {
			isa = PBXVariantGroup;
			children = (
				262F71AB1582B43200F6F99C /* en */,
			);
			name = InfoPlist.strings;
			sourceTree = "<group>";
		};
		262F71B01582B43200F6F99C /* Credits.rtf */ = {
			isa = PBXVariantGroup;
			children = (
				262F71B11582B43200F6F99C /* en */,
			);
			name = Credits.rtf;
			sourceTree = "<group>";
		};
		262F71B61582B43200F6F99C /* StackTimerDocument.xib */ = {
			isa = PBXVariantGroup;
			children = (
				262F71B71582B43200F6F99C /* en */,
			);
			name = StackTimerDocument.xib;
			sourceTree = "<group>";
		};
		262F71B91582B43200F6F99C /* MainMenu.xib */ = {
			isa = PBXVariantGroup;
			children = (
				262F71BA1582B43200F6F99C /* en */,
			);
			name = MainMenu.xib;
			sourceTree = "<group>";
		};
		262F71CD1582B43200F6F99C /* InfoPlist.strings */ = {
			isa = PBXVariantGroup;
			children = (
				262F71CE1582B43200F6F99C /* en */,
			);
			name = InfoPlist.strings;
			sourceTree = "<group>";
		};
/* End PBXVariantGroup section */

/* Begin XCBuildConfiguration section */
		262F71D31582B43300F6F99C /* Debug */ = {
			isa = XCBuildConfiguration;
			buildSettings = {
				ALWAYS_SEARCH_USER_PATHS = NO;
				ARCHS = "$(ARCHS_STANDARD_64_BIT)";
				CLANG_ENABLE_OBJC_ARC = YES;
				COPY_PHASE_STRIP = NO;
				GCC_C_LANGUAGE_STANDARD = gnu99;
				GCC_DYNAMIC_NO_PIC = NO;
				GCC_ENABLE_OBJC_EXCEPTIONS = YES;
				GCC_OPTIMIZATION_LEVEL = 0;
				GCC_PREPROCESSOR_DEFINITIONS = (
					"DEBUG=1",
					"$(inherited)",
				);
				GCC_SYMBOLS_PRIVATE_EXTERN = NO;
				GCC_VERSION = com.apple.compilers.llvm.clang.1_0;
				GCC_WARN_64_TO_32_BIT_CONVERSION = YES;
				GCC_WARN_ABOUT_RETURN_TYPE = YES;
				GCC_WARN_UNINITIALIZED_AUTOS = YES;
				GCC_WARN_UNUSED_VARIABLE = YES;
				MACOSX_DEPLOYMENT_TARGET = 10.7;
				ONLY_ACTIVE_ARCH = YES;
				SDKROOT = macosx;
			};
			name = Debug;
		};
		262F71D41582B43300F6F99C /* Release */ = {
			isa = XCBuildConfiguration;
			buildSettings = {
				ALWAYS_SEARCH_USER_PATHS = NO;
				ARCHS = "$(ARCHS_STANDARD_64_BIT)";
				CLANG_ENABLE_OBJC_ARC = YES;
				COPY_PHASE_STRIP = YES;
				DEBUG_INFORMATION_FORMAT = "dwarf-with-dsym";
				GCC_C_LANGUAGE_STANDARD = gnu99;
				GCC_ENABLE_OBJC_EXCEPTIONS = YES;
				GCC_VERSION = com.apple.compilers.llvm.clang.1_0;
				GCC_WARN_64_TO_32_BIT_CONVERSION = YES;
				GCC_WARN_ABOUT_RETURN_TYPE = YES;
				GCC_WARN_UNINITIALIZED_AUTOS = YES;
				GCC_WARN_UNUSED_VARIABLE = YES;
				MACOSX_DEPLOYMENT_TARGET = 10.7;
				SDKROOT = macosx;
			};
			name = Release;
		};
		262F71D61582B43300F6F99C /* Debug */ = {
			isa = XCBuildConfiguration;
			buildSettings = {
				GCC_PRECOMPILE_PREFIX_HEADER = YES;
				GCC_PREFIX_HEADER = "StackTimer/StackTimer-Prefix.pch";
				INFOPLIST_FILE = "StackTimer/StackTimer-Info.plist";
				PRODUCT_NAME = "$(TARGET_NAME)";
				WRAPPER_EXTENSION = app;
			};
			name = Debug;
		};
		262F71D71582B43300F6F99C /* Release */ = {
			isa = XCBuildConfiguration;
			buildSettings = {
				GCC_PRECOMPILE_PREFIX_HEADER = YES;
				GCC_PREFIX_HEADER = "StackTimer/StackTimer-Prefix.pch";
				INFOPLIST_FILE = "StackTimer/StackTimer-Info.plist";
				PRODUCT_NAME = "$(TARGET_NAME)";
				WRAPPER_EXTENSION = app;
			};
			name = Release;
		};
		262F71D91582B43300F6F99C /* Debug */ = {
			isa = XCBuildConfiguration;
			buildSettings = {
				BUNDLE_LOADER = "$(BUILT_PRODUCTS_DIR)/StackTimer.app/Contents/MacOS/StackTimer";
				FRAMEWORK_SEARCH_PATHS = "$(DEVELOPER_LIBRARY_DIR)/Frameworks";
				GCC_PRECOMPILE_PREFIX_HEADER = YES;
				GCC_PREFIX_HEADER = "StackTimer/StackTimer-Prefix.pch";
				INFOPLIST_FILE = "StackTimerTests/StackTimerTests-Info.plist";
				PRODUCT_NAME = "$(TARGET_NAME)";
				TEST_HOST = "$(BUNDLE_LOADER)";
				WRAPPER_EXTENSION = octest;
			};
			name = Debug;
		};
		262F71DA1582B43300F6F99C /* Release */ = {
			isa = XCBuildConfiguration;
			buildSettings = {
				BUNDLE_LOADER = "$(BUILT_PRODUCTS_DIR)/StackTimer.app/Contents/MacOS/StackTimer";
				FRAMEWORK_SEARCH_PATHS = "$(DEVELOPER_LIBRARY_DIR)/Frameworks";
				GCC_PRECOMPILE_PREFIX_HEADER = YES;
				GCC_PREFIX_HEADER = "StackTimer/StackTimer-Prefix.pch";
				INFOPLIST_FILE = "StackTimerTests/StackTimerTests-Info.plist";
				PRODUCT_NAME = "$(TARGET_NAME)";
				TEST_HOST = "$(BUNDLE_LOADER)";
				WRAPPER_EXTENSION = octest;
			};
			name = Release;
		};
/* End XCBuildConfiguration section */

/* Begin XCConfigurationList section */
		262F71971582B43200F6F99C /* Build configuration list for PBXProject "StackTimer" */ = {
			isa = XCConfigurationList;
			buildConfigurations = (
				262F71D31582B43300F6F99C /* Debug */,
				262F71D41582B43300F6F99C /* Release */,
			);
			defaultConfigurationIsVisible = 0;
			defaultConfigurationName = Release;
		};
		262F71D51582B43300F6F99C /* Build configuration list for PBXNativeTarget "StackTimer" */ = {
			isa = XCConfigurationList;
			buildConfigurations = (
				262F71D61582B43300F6F99C /* Debug */,
				262F71D71582B43300F6F99C /* Release */,
			);
			defaultConfigurationIsVisible = 0;
			defaultConfigurationName = Release;
		};
		262F71D81582B43300F6F99C /* Build configuration list for PBXNativeTarget "StackTimerTests" */ = {
			isa = XCConfigurationList;
			buildConfigurations = (
				262F71D91582B43300F6F99C /* Debug */,
				262F71DA1582B43300F6F99C /* Release */,
			);
			defaultConfigurationIsVisible = 0;
			defaultConfigurationName = Release;
		};
/* End XCConfigurationList section */

/* Begin XCVersionGroup section */
		262F71BC1582B43200F6F99C /* StackTimerDocument.xcdatamodeld */ = {
			isa = XCVersionGroup;
			children = (
				262F71BD1582B43200F6F99C /* StackTimerDocument.xcdatamodel */,
			);
			currentVersion = 262F71BD1582B43200F6F99C /* StackTimerDocument.xcdatamodel */;
			path = StackTimerDocument.xcdatamodeld;
			sourceTree = "<group>";
			versionGroupType = wrapper.xcdatamodel;
		};
/* End XCVersionGroup section */
	};
	rootObject = 262F71941582B43200F6F99C /* Project object */;
}
